
Microsoft Visual Studio Solution File, Format Version 12.00
# Visual Studio 15
VisualStudioVersion = 15.0.27130.2027
MinimumVisualStudioVersion = 10.0.40219.1
Project("{FAE04EC0-301F-11D3-BF4B-00C04F79EFBC}") = "FirstXamarinApp.Android", "FirstXamarinApp\FirstXamarinApp.Android\FirstXamarinApp.Android.csproj", "{E2A62310-4418-49E0-8B50-B9FD4E89CB3A}"
EndProject
Project("{FAE04EC0-301F-11D3-BF4B-00C04F79EFBC}") = "FirstXamarinApp.iOS", "FirstXamarinApp\FirstXamarinApp.iOS\FirstXamarinApp.iOS.csproj", "{4FAB3585-14D0-4053-9C33-C9F725EAA000}"
EndProject
Project("{FAE04EC0-301F-11D3-BF4B-00C04F79EFBC}") = "FirstXamarinApp.UWP", "FirstXamarinApp\FirstXamarinApp.UWP\FirstXamarinApp.UWP.csproj", "{3138B92A-6E39-4496-A538-E6E8D8210CC1}"
EndProject
Project("{D954291E-2A0B-460D-934E-DC6B0785DB48}") = "FirstXamarinApp", "FirstXamarinApp\FirstXamarinApp\FirstXamarinApp.shproj", "{110F6568-5AA4-4D64-ABB3-C4B4E7BE1721}"
EndProject
Global
	GlobalSection(SharedMSBuildProjectFiles) = preSolution
		FirstXamarinApp\FirstXamarinApp\FirstXamarinApp.projitems*{110f6568-5aa4-4d64-abb3-c4b4e7be1721}*SharedItemsImports = 13
		FirstXamarinApp\FirstXamarinApp\FirstXamarinApp.projitems*{3138b92a-6e39-4496-a538-e6e8d8210cc1}*SharedItemsImports = 4
		FirstXamarinApp\FirstXamarinApp\FirstXamarinApp.projitems*{4fab3585-14d0-4053-9c33-c9f725eaa000}*SharedItemsImports = 4
		FirstXamarinApp\FirstXamarinApp\FirstXamarinApp.projitems*{e2a62310-4418-49e0-8b50-b9fd4e89cb3a}*SharedItemsImports = 4
	EndGlobalSection
	GlobalSection(SolutionConfigurationPlatforms) = preSolution
		Ad-Hoc|Any CPU = Ad-Hoc|Any CPU
		Ad-Hoc|ARM = Ad-Hoc|ARM
		Ad-Hoc|iPhone = Ad-Hoc|iPhone
		Ad-Hoc|iPhoneSimulator = Ad-Hoc|iPhoneSimulator
		Ad-Hoc|x64 = Ad-Hoc|x64
		Ad-Hoc|x86 = Ad-Hoc|x86
		AppStore|Any CPU = AppStore|Any CPU
		AppStore|ARM = AppStore|ARM
		AppStore|iPhone = AppStore|iPhone
		AppStore|iPhoneSimulator = AppStore|iPhoneSimulator
		AppStore|x64 = AppStore|x64
		AppStore|x86 = AppStore|x86
		Debug|Any CPU = Debug|Any CPU
		Debug|ARM = Debug|ARM
		Debug|iPhone = Debug|iPhone
		Debug|iPhoneSimulator = Debug|iPhoneSimulator
		Debug|x64 = Debug|x64
		Debug|x86 = Debug|x86
		Release|Any CPU = Release|Any CPU
		Release|ARM = Release|ARM
		Release|iPhone = Release|iPhone
		Release|iPhoneSimulator = Release|iPhoneSimulator
		Release|x64 = Release|x64
		Release|x86 = Release|x86
	EndGlobalSection
	GlobalSection(ProjectConfigurationPlatforms) = postSolution
		{E2A62310-4418-49E0-8B50-B9FD4E89CB3A}.Ad-Hoc|Any CPU.ActiveCfg = Release|Any CPU
		{E2A62310-4418-49E0-8B50-B9FD4E89CB3A}.Ad-Hoc|Any CPU.Build.0 = Release|Any CPU
		{E2A62310-4418-49E0-8B50-B9FD4E89CB3A}.Ad-Hoc|Any CPU.Deploy.0 = Release|Any CPU
		{E2A62310-4418-49E0-8B50-B9FD4E89CB3A}.Ad-Hoc|ARM.ActiveCfg = Release|Any CPU
		{E2A62310-4418-49E0-8B50-B9FD4E89CB3A}.Ad-Hoc|ARM.Build.0 = Release|Any CPU
		{E2A62310-4418-49E0-8B50-B9FD4E89CB3A}.Ad-Hoc|ARM.Deploy.0 = Release|Any CPU
		{E2A62310-4418-49E0-8B50-B9FD4E89CB3A}.Ad-Hoc|iPhone.ActiveCfg = Release|Any CPU
		{E2A62310-4418-49E0-8B50-B9FD4E89CB3A}.Ad-Hoc|iPhone.Build.0 = Release|Any CPU
		{E2A62310-4418-49E0-8B50-B9FD4E89CB3A}.Ad-Hoc|iPhone.Deploy.0 = Release|Any CPU
		{E2A62310-4418-49E0-8B50-B9FD4E89CB3A}.Ad-Hoc|iPhoneSimulator.ActiveCfg = Release|Any CPU
		{E2A62310-4418-49E0-8B50-B9FD4E89CB3A}.Ad-Hoc|iPhoneSimulator.Build.0 = Release|Any CPU
		{E2A62310-4418-49E0-8B50-B9FD4E89CB3A}.Ad-Hoc|iPhoneSimulator.Deploy.0 = Release|Any CPU
		{E2A62310-4418-49E0-8B50-B9FD4E89CB3A}.Ad-Hoc|x64.ActiveCfg = Release|Any CPU
		{E2A62310-4418-49E0-8B50-B9FD4E89CB3A}.Ad-Hoc|x64.Build.0 = Release|Any CPU
		{E2A62310-4418-49E0-8B50-B9FD4E89CB3A}.Ad-Hoc|x64.Deploy.0 = Release|Any CPU
		{E2A62310-4418-49E0-8B50-B9FD4E89CB3A}.Ad-Hoc|x86.ActiveCfg = Release|Any CPU
		{E2A62310-4418-49E0-8B50-B9FD4E89CB3A}.Ad-Hoc|x86.Build.0 = Release|Any CPU
		{E2A62310-4418-49E0-8B50-B9FD4E89CB3A}.Ad-Hoc|x86.Deploy.0 = Release|Any CPU
		{E2A62310-4418-49E0-8B50-B9FD4E89CB3A}.AppStore|Any CPU.ActiveCfg = Release|Any CPU
		{E2A62310-4418-49E0-8B50-B9FD4E89CB3A}.AppStore|Any CPU.Build.0 = Release|Any CPU
		{E2A62310-4418-49E0-8B50-B9FD4E89CB3A}.AppStore|Any CPU.Deploy.0 = Release|Any CPU
		{E2A62310-4418-49E0-8B50-B9FD4E89CB3A}.AppStore|ARM.ActiveCfg = Release|Any CPU
		{E2A62310-4418-49E0-8B50-B9FD4E89CB3A}.AppStore|ARM.Build.0 = Release|Any CPU
		{E2A62310-4418-49E0-8B50-B9FD4E89CB3A}.AppStore|ARM.Deploy.0 = Release|Any CPU
		{E2A62310-4418-49E0-8B50-B9FD4E89CB3A}.AppStore|iPhone.ActiveCfg = Release|Any CPU
		{E2A62310-4418-49E0-8B50-B9FD4E89CB3A}.AppStore|iPhone.Build.0 = Release|Any CPU
		{E2A62310-4418-49E0-8B50-B9FD4E89CB3A}.AppStore|iPhone.Deploy.0 = Release|Any CPU
		{E2A62310-4418-49E0-8B50-B9FD4E89CB3A}.AppStore|iPhoneSimulator.ActiveCfg = Release|Any CPU
		{E2A62310-4418-49E0-8B50-B9FD4E89CB3A}.AppStore|iPhoneSimulator.Build.0 = Release|Any CPU
		{E2A62310-4418-49E0-8B50-B9FD4E89CB3A}.AppStore|iPhoneSimulator.Deploy.0 = Release|Any CPU
		{E2A62310-4418-49E0-8B50-B9FD4E89CB3A}.AppStore|x64.ActiveCfg = Release|Any CPU
		{E2A62310-4418-49E0-8B50-B9FD4E89CB3A}.AppStore|x64.Build.0 = Release|Any CPU
		{E2A62310-4418-49E0-8B50-B9FD4E89CB3A}.AppStore|x64.Deploy.0 = Release|Any CPU
		{E2A62310-4418-49E0-8B50-B9FD4E89CB3A}.AppStore|x86.ActiveCfg = Release|Any CPU
		{E2A62310-4418-49E0-8B50-B9FD4E89CB3A}.AppStore|x86.Build.0 = Release|Any CPU
		{E2A62310-4418-49E0-8B50-B9FD4E89CB3A}.AppStore|x86.Deploy.0 = Release|Any CPU
		{E2A62310-4418-49E0-8B50-B9FD4E89CB3A}.Debug|Any CPU.ActiveCfg = Debug|Any CPU
		{E2A62310-4418-49E0-8B50-B9FD4E89CB3A}.Debug|Any CPU.Build.0 = Debug|Any CPU
		{E2A62310-4418-49E0-8B50-B9FD4E89CB3A}.Debug|Any CPU.Deploy.0 = Debug|Any CPU
		{E2A62310-4418-49E0-8B50-B9FD4E89CB3A}.Debug|ARM.ActiveCfg = Debug|Any CPU
		{E2A62310-4418-49E0-8B50-B9FD4E89CB3A}.Debug|ARM.Build.0 = Debug|Any CPU
		{E2A62310-4418-49E0-8B50-B9FD4E89CB3A}.Debug|ARM.Deploy.0 = Debug|Any CPU
		{E2A62310-4418-49E0-8B50-B9FD4E89CB3A}.Debug|iPhone.ActiveCfg = Debug|Any CPU
		{E2A62310-4418-49E0-8B50-B9FD4E89CB3A}.Debug|iPhone.Build.0 = Debug|Any CPU
		{E2A62310-4418-49E0-8B50-B9FD4E89CB3A}.Debug|iPhone.Deploy.0 = Debug|Any CPU
		{E2A62310-4418-49E0-8B50-B9FD4E89CB3A}.Debug|iPhoneSimulator.ActiveCfg = Debug|Any CPU
		{E2A62310-4418-49E0-8B50-B9FD4E89CB3A}.Debug|iPhoneSimulator.Build.0 = Debug|Any CPU
		{E2A62310-4418-49E0-8B50-B9FD4E89CB3A}.Debug|iPhoneSimulator.Deploy.0 = Debug|Any CPU
		{E2A62310-4418-49E0-8B50-B9FD4E89CB3A}.Debug|x64.ActiveCfg = Debug|Any CPU
		{E2A62310-4418-49E0-8B50-B9FD4E89CB3A}.Debug|x64.Build.0 = Debug|Any CPU
		{E2A62310-4418-49E0-8B50-B9FD4E89CB3A}.Debug|x64.Deploy.0 = Debug|Any CPU
		{E2A62310-4418-49E0-8B50-B9FD4E89CB3A}.Debug|x86.ActiveCfg = Debug|Any CPU
		{E2A62310-4418-49E0-8B50-B9FD4E89CB3A}.Debug|x86.Build.0 = Debug|Any CPU
		{E2A62310-4418-49E0-8B50-B9FD4E89CB3A}.Debug|x86.Deploy.0 = Debug|Any CPU
		{E2A62310-4418-49E0-8B50-B9FD4E89CB3A}.Release|Any CPU.ActiveCfg = Release|Any CPU
		{E2A62310-4418-49E0-8B50-B9FD4E89CB3A}.Release|Any CPU.Build.0 = Release|Any CPU
		{E2A62310-4418-49E0-8B50-B9FD4E89CB3A}.Release|Any CPU.Deploy.0 = Release|Any CPU
		{E2A62310-4418-49E0-8B50-B9FD4E89CB3A}.Release|ARM.ActiveCfg = Release|Any CPU
		{E2A62310-4418-49E0-8B50-B9FD4E89CB3A}.Release|ARM.Build.0 = Release|Any CPU
		{E2A62310-4418-49E0-8B50-B9FD4E89CB3A}.Release|ARM.Deploy.0 = Release|Any CPU
		{E2A62310-4418-49E0-8B50-B9FD4E89CB3A}.Release|iPhone.ActiveCfg = Release|Any CPU
		{E2A62310-4418-49E0-8B50-B9FD4E89CB3A}.Release|iPhone.Build.0 = Release|Any CPU
		{E2A62310-4418-49E0-8B50-B9FD4E89CB3A}.Release|iPhone.Deploy.0 = Release|Any CPU
		{E2A62310-4418-49E0-8B50-B9FD4E89CB3A}.Release|iPhoneSimulator.ActiveCfg = Release|Any CPU
		{E2A62310-4418-49E0-8B50-B9FD4E89CB3A}.Release|iPhoneSimulator.Build.0 = Release|Any CPU
		{E2A62310-4418-49E0-8B50-B9FD4E89CB3A}.Release|iPhoneSimulator.Deploy.0 = Release|Any CPU
		{E2A62310-4418-49E0-8B50-B9FD4E89CB3A}.Release|x64.ActiveCfg = Release|Any CPU
		{E2A62310-4418-49E0-8B50-B9FD4E89CB3A}.Release|x64.Build.0 = Release|Any CPU
		{E2A62310-4418-49E0-8B50-B9FD4E89CB3A}.Release|x64.Deploy.0 = Release|Any CPU
		{E2A62310-4418-49E0-8B50-B9FD4E89CB3A}.Release|x86.ActiveCfg = Release|Any CPU
		{E2A62310-4418-49E0-8B50-B9FD4E89CB3A}.Release|x86.Build.0 = Release|Any CPU
		{E2A62310-4418-49E0-8B50-B9FD4E89CB3A}.Release|x86.Deploy.0 = Release|Any CPU
		{4FAB3585-14D0-4053-9C33-C9F725EAA000}.Ad-Hoc|Any CPU.ActiveCfg = Ad-Hoc|iPhone
		{4FAB3585-14D0-4053-9C33-C9F725EAA000}.Ad-Hoc|ARM.ActiveCfg = Ad-Hoc|iPhone
		{4FAB3585-14D0-4053-9C33-C9F725EAA000}.Ad-Hoc|iPhone.ActiveCfg = Ad-Hoc|iPhone
		{4FAB3585-14D0-4053-9C33-C9F725EAA000}.Ad-Hoc|iPhone.Build.0 = Ad-Hoc|iPhone
		{4FAB3585-14D0-4053-9C33-C9F725EAA000}.Ad-Hoc|iPhoneSimulator.ActiveCfg = Ad-Hoc|iPhoneSimulator
		{4FAB3585-14D0-4053-9C33-C9F725EAA000}.Ad-Hoc|iPhoneSimulator.Build.0 = Ad-Hoc|iPhoneSimulator
		{4FAB3585-14D0-4053-9C33-C9F725EAA000}.Ad-Hoc|x64.ActiveCfg = Ad-Hoc|iPhone
		{4FAB3585-14D0-4053-9C33-C9F725EAA000}.Ad-Hoc|x86.ActiveCfg = Ad-Hoc|iPhone
		{4FAB3585-14D0-4053-9C33-C9F725EAA000}.AppStore|Any CPU.ActiveCfg = AppStore|iPhone
		{4FAB3585-14D0-4053-9C33-C9F725EAA000}.AppStore|ARM.ActiveCfg = AppStore|iPhone
		{4FAB3585-14D0-4053-9C33-C9F725EAA000}.AppStore|iPhone.ActiveCfg = AppStore|iPhone
		{4FAB3585-14D0-4053-9C33-C9F725EAA000}.AppStore|iPhone.Build.0 = AppStore|iPhone
		{4FAB3585-14D0-4053-9C33-C9F725EAA000}.AppStore|iPhoneSimulator.ActiveCfg = AppStore|iPhoneSimulator
		{4FAB3585-14D0-4053-9C33-C9F725EAA000}.AppStore|iPhoneSimulator.Build.0 = AppStore|iPhoneSimulator
		{4FAB3585-14D0-4053-9C33-C9F725EAA000}.AppStore|x64.ActiveCfg = AppStore|iPhone
		{4FAB3585-14D0-4053-9C33-C9F725EAA000}.AppStore|x86.ActiveCfg = AppStore|iPhone
		{4FAB3585-14D0-4053-9C33-C9F725EAA000}.Debug|Any CPU.ActiveCfg = Debug|iPhone
		{4FAB3585-14D0-4053-9C33-C9F725EAA000}.Debug|ARM.ActiveCfg = Debug|iPhone
		{4FAB3585-14D0-4053-9C33-C9F725EAA000}.Debug|iPhone.ActiveCfg = Debug|iPhone
		{4FAB3585-14D0-4053-9C33-C9F725EAA000}.Debug|iPhone.Build.0 = Debug|iPhone
		{4FAB3585-14D0-4053-9C33-C9F725EAA000}.Debug|iPhoneSimulator.ActiveCfg = Debug|iPhoneSimulator
		{4FAB3585-14D0-4053-9C33-C9F725EAA000}.Debug|iPhoneSimulator.Build.0 = Debug|iPhoneSimulator
		{4FAB3585-14D0-4053-9C33-C9F725EAA000}.Debug|x64.ActiveCfg = Debug|iPhone
		{4FAB3585-14D0-4053-9C33-C9F725EAA000}.Debug|x86.ActiveCfg = Debug|iPhone
		{4FAB3585-14D0-4053-9C33-C9F725EAA000}.Release|Any CPU.ActiveCfg = Release|iPhone
		{4FAB3585-14D0-4053-9C33-C9F725EAA000}.Release|ARM.ActiveCfg = Release|iPhone
		{4FAB3585-14D0-4053-9C33-C9F725EAA000}.Release|iPhone.ActiveCfg = Release|iPhone
		{4FAB3585-14D0-4053-9C33-C9F725EAA000}.Release|iPhone.Build.0 = Release|iPhone
		{4FAB3585-14D0-4053-9C33-C9F725EAA000}.Release|iPhoneSimulator.ActiveCfg = Release|iPhoneSimulator
		{4FAB3585-14D0-4053-9C33-C9F725EAA000}.Release|iPhoneSimulator.Build.0 = Release|iPhoneSimulator
		{4FAB3585-14D0-4053-9C33-C9F725EAA000}.Release|x64.ActiveCfg = Release|iPhone
		{4FAB3585-14D0-4053-9C33-C9F725EAA000}.Release|x86.ActiveCfg = Release|iPhone
		{3138B92A-6E39-4496-A538-E6E8D8210CC1}.Ad-Hoc|Any CPU.ActiveCfg = Release|x86
		{3138B92A-6E39-4496-A538-E6E8D8210CC1}.Ad-Hoc|Any CPU.Build.0 = Release|x86
		{3138B92A-6E39-4496-A538-E6E8D8210CC1}.Ad-Hoc|Any CPU.Deploy.0 = Release|x86
		{3138B92A-6E39-4496-A538-E6E8D8210CC1}.Ad-Hoc|ARM.ActiveCfg = Release|ARM
		{3138B92A-6E39-4496-A538-E6E8D8210CC1}.Ad-Hoc|ARM.Build.0 = Release|ARM
		{3138B92A-6E39-4496-A538-E6E8D8210CC1}.Ad-Hoc|ARM.Deploy.0 = Release|ARM
		{3138B92A-6E39-4496-A538-E6E8D8210CC1}.Ad-Hoc|iPhone.ActiveCfg = Release|x86
		{3138B92A-6E39-4496-A538-E6E8D8210CC1}.Ad-Hoc|iPhone.Build.0 = Release|x86
		{3138B92A-6E39-4496-A538-E6E8D8210CC1}.Ad-Hoc|iPhone.Deploy.0 = Release|x86
		{3138B92A-6E39-4496-A538-E6E8D8210CC1}.Ad-Hoc|iPhoneSimulator.ActiveCfg = Release|x86
		{3138B92A-6E39-4496-A538-E6E8D8210CC1}.Ad-Hoc|iPhoneSimulator.Build.0 = Release|x86
		{3138B92A-6E39-4496-A538-E6E8D8210CC1}.Ad-Hoc|iPhoneSimulator.Deploy.0 = Release|x86
		{3138B92A-6E39-4496-A538-E6E8D8210CC1}.Ad-Hoc|x64.ActiveCfg = Release|x64
		{3138B92A-6E39-4496-A538-E6E8D8210CC1}.Ad-Hoc|x64.Build.0 = Release|x64
		{3138B92A-6E39-4496-A538-E6E8D8210CC1}.Ad-Hoc|x64.Deploy.0 = Release|x64
		{3138B92A-6E39-4496-A538-E6E8D8210CC1}.Ad-Hoc|x86.ActiveCfg = Release|x86
		{3138B92A-6E39-4496-A538-E6E8D8210CC1}.Ad-Hoc|x86.Build.0 = Release|x86
		{3138B92A-6E39-4496-A538-E6E8D8210CC1}.Ad-Hoc|x86.Deploy.0 = Release|x86
		{3138B92A-6E39-4496-A538-E6E8D8210CC1}.AppStore|Any CPU.ActiveCfg = Release|x86
		{3138B92A-6E39-4496-A538-E6E8D8210CC1}.AppStore|Any CPU.Build.0 = Release|x86
		{3138B92A-6E39-4496-A538-E6E8D8210CC1}.AppStore|Any CPU.Deploy.0 = Release|x86
		{3138B92A-6E39-4496-A538-E6E8D8210CC1}.AppStore|ARM.ActiveCfg = Release|ARM
		{3138B92A-6E39-4496-A538-E6E8D8210CC1}.AppStore|ARM.Build.0 = Release|ARM
		{3138B92A-6E39-4496-A538-E6E8D8210CC1}.AppStore|ARM.Deploy.0 = Release|ARM
		{3138B92A-6E39-4496-A538-E6E8D8210CC1}.AppStore|iPhone.ActiveCfg = Release|x86
		{3138B92A-6E39-4496-A538-E6E8D8210CC1}.AppStore|iPhone.Build.0 = Release|x86
		{3138B92A-6E39-4496-A538-E6E8D8210CC1}.AppStore|iPhone.Deploy.0 = Release|x86
		{3138B92A-6E39-4496-A538-E6E8D8210CC1}.AppStore|iPhoneSimulator.ActiveCfg = Release|x86
		{3138B92A-6E39-4496-A538-E6E8D8210CC1}.AppStore|iPhoneSimulator.Build.0 = Release|x86
		{3138B92A-6E39-4496-A538-E6E8D8210CC1}.AppStore|iPhoneSimulator.Deploy.0 = Release|x86
		{3138B92A-6E39-4496-A538-E6E8D8210CC1}.AppStore|x64.ActiveCfg = Release|x64
		{3138B92A-6E39-4496-A538-E6E8D8210CC1}.AppStore|x64.Build.0 = Release|x64
		{3138B92A-6E39-4496-A538-E6E8D8210CC1}.AppStore|x64.Deploy.0 = Release|x64
		{3138B92A-6E39-4496-A538-E6E8D8210CC1}.AppStore|x86.ActiveCfg = Release|x86
		{3138B92A-6E39-4496-A538-E6E8D8210CC1}.AppStore|x86.Build.0 = Release|x86
		{3138B92A-6E39-4496-A538-E6E8D8210CC1}.AppStore|x86.Deploy.0 = Release|x86
		{3138B92A-6E39-4496-A538-E6E8D8210CC1}.Debug|Any CPU.ActiveCfg = Debug|x86
		{3138B92A-6E39-4496-A538-E6E8D8210CC1}.Debug|ARM.ActiveCfg = Debug|ARM
		{3138B92A-6E39-4496-A538-E6E8D8210CC1}.Debug|ARM.Build.0 = Debug|ARM
		{3138B92A-6E39-4496-A538-E6E8D8210CC1}.Debug|ARM.Deploy.0 = Debug|ARM
		{3138B92A-6E39-4496-A538-E6E8D8210CC1}.Debug|iPhone.ActiveCfg = Debug|x86
		{3138B92A-6E39-4496-A538-E6E8D8210CC1}.Debug|iPhoneSimulator.ActiveCfg = Debug|x86
		{3138B92A-6E39-4496-A538-E6E8D8210CC1}.Debug|x64.ActiveCfg = Debug|x64
		{3138B92A-6E39-4496-A538-E6E8D8210CC1}.Debug|x64.Build.0 = Debug|x64
		{3138B92A-6E39-4496-A538-E6E8D8210CC1}.Debug|x64.Deploy.0 = Debug|x64
		{3138B92A-6E39-4496-A538-E6E8D8210CC1}.Debug|x86.ActiveCfg = Debug|x86
		{3138B92A-6E39-4496-A538-E6E8D8210CC1}.Debug|x86.Build.0 = Debug|x86
		{3138B92A-6E39-4496-A538-E6E8D8210CC1}.Debug|x86.Deploy.0 = Debug|x86
		{3138B92A-6E39-4496-A538-E6E8D8210CC1}.Release|Any CPU.ActiveCfg = Release|x86
		{3138B92A-6E39-4496-A538-E6E8D8210CC1}.Release|ARM.ActiveCfg = Release|ARM
		{3138B92A-6E39-4496-A538-E6E8D8210CC1}.Release|ARM.Build.0 = Release|ARM
		{3138B92A-6E39-4496-A538-E6E8D8210CC1}.Release|ARM.Deploy.0 = Release|ARM
		{3138B92A-6E39-4496-A538-E6E8D8210CC1}.Release|iPhone.ActiveCfg = Release|x86
		{3138B92A-6E39-4496-A538-E6E8D8210CC1}.Release|iPhoneSimulator.ActiveCfg = Release|x86
		{3138B92A-6E39-4496-A538-E6E8D8210CC1}.Release|x64.ActiveCfg = Release|x64
		{3138B92A-6E39-4496-A538-E6E8D8210CC1}.Release|x64.Build.0 = Release|x64
		{3138B92A-6E39-4496-A538-E6E8D8210CC1}.Release|x64.Deploy.0 = Release|x64
		{3138B92A-6E39-4496-A538-E6E8D8210CC1}.Release|x86.ActiveCfg = Release|x86
		{3138B92A-6E39-4496-A538-E6E8D8210CC1}.Release|x86.Build.0 = Release|x86
		{3138B92A-6E39-4496-A538-E6E8D8210CC1}.Release|x86.Deploy.0 = Release|x86
	EndGlobalSection
	GlobalSection(SolutionProperties) = preSolution
		HideSolutionNode = FALSE
	EndGlobalSection
	GlobalSection(ExtensibilityGlobals) = postSolution
		SolutionGuid = {502A0385-1EE1-4191-AF8A-657604641DB3}
	EndGlobalSection
EndGlobal
